
Microsoft Visual Studio Solution File, Format Version 12.00
# Visual Studio Version 16
VisualStudioVersion = 16.0.30907.101
MinimumVisualStudioVersion = 10.0.40219.1
Project("{FAE04EC0-301F-11D3-BF4B-00C04F79EFBC}") = "rmse", "rmse\rmse.csproj", "{D4F9503D-AE11-4896-B291-5F79CCE1EE63}"
EndProject
Global
	GlobalSection(SolutionConfigurationPlatforms) = preSolution
		Debug|Any CPU = Debug|Any CPU
		Release|Any CPU = Release|Any CPU
	EndGlobalSection
	GlobalSection(ProjectConfigurationPlatforms) = postSolution
		{D4F9503D-AE11-4896-B291-5F79CCE1EE63}.Debug|Any CPU.ActiveCfg = Debug|Any CPU
		{D4F9503D-AE11-4896-B291-5F79CCE1EE63}.Debug|Any CPU.Build.0 = Debug|Any CPU
		{D4F9503D-AE11-4896-B291-5F79CCE1EE63}.Release|Any CPU.ActiveCfg = Release|Any CPU
		{D4F9503D-AE11-4896-B291-5F79CCE1EE63}.Release|Any CPU.Build.0 = Release|Any CPU
	EndGlobalSection
	GlobalSection(SolutionProperties) = preSolution
		HideSolutionNode = FALSE
	EndGlobalSection
	GlobalSection(ExtensibilityGlobals) = postSolution
		SolutionGuid = {D85ABDF4-72BF-4D09-843A-2A82A205A73C}
	EndGlobalSection
EndGlobal
